
Microsoft Visual Studio Solution File, Format Version 12.00
# Visual Studio 15
VisualStudioVersion = 15.0.28307.136
MinimumVisualStudioVersion = 10.0.40219.1
Project("{FAE04EC0-301F-11D3-BF4B-00C04F79EFBC}") = "PortfolioAPI", "PortfolioAPI\PortfolioAPI.csproj", "{2879B54C-A404-407F-B596-9D5E9C072984}"
EndProject
Global
	GlobalSection(SolutionConfigurationPlatforms) = preSolution
		Debug|Any CPU = Debug|Any CPU
		Release|Any CPU = Release|Any CPU
	EndGlobalSection
	GlobalSection(ProjectConfigurationPlatforms) = postSolution
		{2879B54C-A404-407F-B596-9D5E9C072984}.Debug|Any CPU.ActiveCfg = Debug|Any CPU
		{2879B54C-A404-407F-B596-9D5E9C072984}.Debug|Any CPU.Build.0 = Debug|Any CPU
		{2879B54C-A404-407F-B596-9D5E9C072984}.Release|Any CPU.ActiveCfg = Release|Any CPU
		{2879B54C-A404-407F-B596-9D5E9C072984}.Release|Any CPU.Build.0 = Release|Any CPU
	EndGlobalSection
	GlobalSection(SolutionProperties) = preSolution
		HideSolutionNode = FALSE
	EndGlobalSection
	GlobalSection(ExtensibilityGlobals) = postSolution
		SolutionGuid = {6397D2B0-699E-4107-9A78-F5536BA52EB5}
	EndGlobalSection
EndGlobal
